
Microsoft Visual Studio Solution File, Format Version 12.00
# Visual Studio 15
VisualStudioVersion = 15.0.28307.1082
MinimumVisualStudioVersion = 10.0.40219.1
Project("{9A19103F-16F7-4668-BE54-9A1E7A4F7556}") = "ΩMaintenance", "ΩMaintenance\ΩMaintenance.csproj", "{CC8D1E89-620B-415B-AFD4-5EC843E37350}"
EndProject
Project("{2150E333-8FDC-42A3-9474-1A3956D46DE8}") = "_Dependencies", "_Dependencies", "{258EFDC4-68B2-473B-B521-1C6891E6936D}"
EndProject
Project("{9A19103F-16F7-4668-BE54-9A1E7A4F7556}") = "R5T.Capua.Standard", "..\..\R5T.Capua\source\R5T.Capua.Standard\R5T.Capua.Standard.csproj", "{9F8A27C7-5408-480C-9848-A238F42290F3}"
EndProject
Project("{9A19103F-16F7-4668-BE54-9A1E7A4F7556}") = "R5T.Liverpool.HostedServiceProgram", "..\..\R5T.Liverpool\source\R5T.Liverpool.HostedServiceProgram\R5T.Liverpool.HostedServiceProgram.csproj", "{8CC59568-2297-4526-B609-BB5E6F5F0617}"
EndProject
Project("{9A19103F-16F7-4668-BE54-9A1E7A4F7556}") = "R5T.Richmond.Types", "..\..\R5T.Richmond.Types\source\R5T.Richmond.Types\R5T.Richmond.Types.csproj", "{C8D42A1E-91E1-4C90-9613-C487D47A1A74}"
EndProject
Project("{9A19103F-16F7-4668-BE54-9A1E7A4F7556}") = "R5T.Alamania.Standard", "..\..\R5T.Alamania.Standard\source\R5T.Alamania.Standard\R5T.Alamania.Standard.csproj", "{D9F1CF33-CA66-4625-B008-C6E8B1EA7366}"
EndProject
Project("{9A19103F-16F7-4668-BE54-9A1E7A4F7556}") = "R5T.Alamania.Bulgaria", "..\..\R5T.Alamania.Bulgaria\source\R5T.Alamania.Bulgaria\R5T.Alamania.Bulgaria.csproj", "{4F42CFC7-8E1F-4111-AD03-99A2A4B56526}"
EndProject
Project("{9A19103F-16F7-4668-BE54-9A1E7A4F7556}") = "R5T.Alamania.Base", "..\..\R5T.Alamania.Base\source\R5T.Alamania.Base\R5T.Alamania.Base.csproj", "{976ABE58-3A88-4321-8B49-BBADA7AE52F2}"
EndProject
Project("{9A19103F-16F7-4668-BE54-9A1E7A4F7556}") = "R5T.Bulgaria.Base", "..\..\R5T.Bulgaria.Base\source\R5T.Bulgaria.Base\R5T.Bulgaria.Base.csproj", "{C1FDAC9C-1251-4EEB-A179-AB3D3A0A4A74}"
EndProject
Project("{9A19103F-16F7-4668-BE54-9A1E7A4F7556}") = "R5T.Costobocia.Base", "..\..\R5T.Costobocia.Base\source\R5T.Costobocia.Base\R5T.Costobocia.Base.csproj", "{569B9DCC-B109-466E-9C93-567A3A055759}"
EndProject
Project("{9A19103F-16F7-4668-BE54-9A1E7A4F7556}") = "R5T.Ostrogothia", "..\..\R5T.Ostrogothia\source\R5T.Ostrogothia\R5T.Ostrogothia.csproj", "{544468C2-56DC-46CB-8DB7-90FB0363C44D}"
EndProject
Project("{9A19103F-16F7-4668-BE54-9A1E7A4F7556}") = "R5T.Dacia.Extensions", "..\..\R5T.Dacia.Extensions\source\R5T.Dacia.Extensions\R5T.Dacia.Extensions.csproj", "{C61D335E-20E3-41F5-8BF8-5F9DEAE2D136}"
EndProject
Project("{9A19103F-16F7-4668-BE54-9A1E7A4F7556}") = "R5T.Dacia", "..\..\R5T.Dacia\source\R5T.Dacia\R5T.Dacia.csproj", "{26DABE0B-0E22-469B-A3E9-491E5BF6B691}"
EndProject
Project("{9A19103F-16F7-4668-BE54-9A1E7A4F7556}") = "R5T.Ostrogothia.Rivet", "..\..\R5T.Ostrogothia.Rivet\source\R5T.Ostrogothia.Rivet\R5T.Ostrogothia.Rivet.csproj", "{218039AF-933B-4AC7-B305-5500E5F74C1E}"
EndProject
Project("{9A19103F-16F7-4668-BE54-9A1E7A4F7556}") = "R5T.Bulgaria.UserProfileDirectory", "..\..\R5T.Bulgaria.UserProfileDirectory\source\R5T.Bulgaria.UserProfileDirectory\R5T.Bulgaria.UserProfileDirectory.csproj", "{A5085102-E87D-45D4-8358-8B216C8CCBC6}"
EndProject
Project("{9A19103F-16F7-4668-BE54-9A1E7A4F7556}") = "R5T.Bulgaria.Visigothia", "..\..\R5T.Bulgaria.Visigothia\source\R5T.Bulgaria.Visigothia\R5T.Bulgaria.Visigothia.csproj", "{E0151423-1408-4E81-B1E9-90D1DB475AD0}"
EndProject
Project("{9A19103F-16F7-4668-BE54-9A1E7A4F7556}") = "R5T.Lombardy.Base", "..\..\R5T.Lombardy.Base\source\R5T.Lombardy.Base\R5T.Lombardy.Base.csproj", "{1FD58605-0290-444B-AB40-A03DC395E549}"
EndProject
Project("{9A19103F-16F7-4668-BE54-9A1E7A4F7556}") = "R5T.Peristeria.Base", "..\..\R5T.Peristeria.Base\source\R5T.Peristeria.Base\R5T.Peristeria.Base.csproj", "{2E8E993C-FB4C-4D07-A91F-E54312EC6645}"
EndProject
Project("{9A19103F-16F7-4668-BE54-9A1E7A4F7556}") = "R5T.Visigothia.Base", "..\..\R5T.Visigothia.Base\source\R5T.Visigothia.Base\R5T.Visigothia.Base.csproj", "{0A0DD705-048E-4AFC-8809-B0B8AB83DB81}"
EndProject
Project("{9A19103F-16F7-4668-BE54-9A1E7A4F7556}") = "R5T.Lombardy.Standard", "..\..\R5T.Lombardy.Standard\source\R5T.Lombardy.Standard\R5T.Lombardy.Standard.csproj", "{1D318B89-79AA-498A-B663-6ECE5B05A065}"
EndProject
Project("{9A19103F-16F7-4668-BE54-9A1E7A4F7556}") = "R5T.Lombardy", "..\..\R5T.Lombardy\source\R5T.Lombardy\R5T.Lombardy.csproj", "{B0AABE92-2D35-456C-A47E-59AA6C8973C5}"
EndProject
Project("{9A19103F-16F7-4668-BE54-9A1E7A4F7556}") = "R5T.Cherusci", "..\..\R5T.Cherusci\source\R5T.Cherusci\R5T.Cherusci.csproj", "{873EBF69-B078-415F-B8D4-BD4B0E0C473B}"
EndProject
Project("{9A19103F-16F7-4668-BE54-9A1E7A4F7556}") = "R5T.Magyar", "..\..\R5T.Magyar\source\R5T.Magyar\R5T.Magyar.csproj", "{CCADD9C5-D6B6-4B99-A1B4-031B02BC083E}"
EndProject
Project("{9A19103F-16F7-4668-BE54-9A1E7A4F7556}") = "R5T.Rugia", "..\..\R5T.Rugia\source\R5T.Rugia\R5T.Rugia.csproj", "{153F1B55-918D-4810-8D4D-866724EBA5C6}"
EndProject
Project("{9A19103F-16F7-4668-BE54-9A1E7A4F7556}") = "R5T.Rugia.Base", "..\..\R5T.Rugia.Base\source\R5T.Rugia.Base\R5T.Rugia.Base.csproj", "{6367EE92-645D-4971-88E4-A3C75F129C80}"
EndProject
Project("{9A19103F-16F7-4668-BE54-9A1E7A4F7556}") = "R5T.Peristeria.Standard", "..\..\R5T.Peristeria.Standard\source\R5T.Peristeria.Standard\R5T.Peristeria.Standard.csproj", "{21FBF69B-8AB3-4F23-8B0E-F3A9C99CDC84}"
EndProject
Project("{9A19103F-16F7-4668-BE54-9A1E7A4F7556}") = "R5T.Peristeria.Default", "..\..\R5T.Peristeria.Default\source\R5T.Peristeria.Default\R5T.Peristeria.Default.csproj", "{66ACC15D-CF8F-4FF8-8B45-7AAB21B0BBAF}"
EndProject
Project("{9A19103F-16F7-4668-BE54-9A1E7A4F7556}") = "R5T.Visigothia.Standard", "..\..\R5T.Visigothia.Standard\source\R5T.Visigothia.Standard\R5T.Visigothia.Standard.csproj", "{CAB1BE14-A770-433E-B0A2-71685DAA76FB}"
EndProject
Project("{9A19103F-16F7-4668-BE54-9A1E7A4F7556}") = "R5T.Visigothia.Local.Standard", "..\..\R5T.Visigothia.Local.Standard\source\R5T.Visigothia.Local.Standard\R5T.Visigothia.Local.Standard.csproj", "{AF8B4E3F-6381-4BDC-B314-15771F3D48F4}"
EndProject
Project("{9A19103F-16F7-4668-BE54-9A1E7A4F7556}") = "R5T.Visigothia.Local.Default", "..\..\R5T.Visigothia.Local.Default\source\R5T.Visigothia.Local.Default\R5T.Visigothia.Local.Default.csproj", "{3E2D8AB4-C15A-4E1A-96B9-093274EFA18F}"
EndProject
Project("{9A19103F-16F7-4668-BE54-9A1E7A4F7556}") = "R5T.Costobocia.Standard", "..\..\R5T.Costobocia.Standard\source\R5T.Costobocia.Standard\R5T.Costobocia.Standard.csproj", "{777431A6-C2AF-45BB-B6CA-A9967946D366}"
EndProject
Project("{9A19103F-16F7-4668-BE54-9A1E7A4F7556}") = "R5T.Costobocia.Default", "..\..\R5T.Costobocia.Default\source\R5T.Costobocia.Default\R5T.Costobocia.Default.csproj", "{225FC2F1-C22E-4AC7-9923-5008D54590EA}"
EndProject
Project("{9A19103F-16F7-4668-BE54-9A1E7A4F7556}") = "R5T.Gepidia.Local.Standard", "..\..\R5T.Gepidia.Local.Standard\source\R5T.Gepidia.Local.Standard\R5T.Gepidia.Local.Standard.csproj", "{72B9053E-CC67-4AAB-B8F8-C69A75E6DAF7}"
EndProject
Project("{9A19103F-16F7-4668-BE54-9A1E7A4F7556}") = "R5T.Gepidia.Local", "..\..\R5T.Gepidia.Local\source\R5T.Gepidia.Local\R5T.Gepidia.Local.csproj", "{14C872BA-127E-469D-9C0B-7FFD576053BF}"
EndProject
Project("{9A19103F-16F7-4668-BE54-9A1E7A4F7556}") = "R5T.Gepidia.Base", "..\..\R5T.Gepidia.Base\source\R5T.Gepidia.Base\R5T.Gepidia.Base.csproj", "{9B0FEA4D-9E67-430A-824E-97F64261A06D}"
EndProject
Project("{9A19103F-16F7-4668-BE54-9A1E7A4F7556}") = "R5T.Gepidia.Types", "..\..\R5T.Gepidia.Types\source\R5T.Gepidia.Types\R5T.Gepidia.Types.csproj", "{7E9109DF-68B3-4DCE-91CA-89A1963E0F60}"
EndProject
Project("{9A19103F-16F7-4668-BE54-9A1E7A4F7556}") = "R5T.Lombardy.Gepidia", "..\..\R5T.Lombardy.Gepidia\source\R5T.Lombardy.Gepidia\R5T.Lombardy.Gepidia.csproj", "{ABF4874E-A95C-4CDC-BA77-05A5C1DDB156}"
EndProject
Project("{9A19103F-16F7-4668-BE54-9A1E7A4F7556}") = "R5T.Teutonia.Standard", "..\..\R5T.Teutonia.Standard\source\R5T.Teutonia.Standard\R5T.Teutonia.Standard.csproj", "{7C34F4F1-0A28-4B9F-8DB6-438C0236CD02}"
EndProject
Project("{9A19103F-16F7-4668-BE54-9A1E7A4F7556}") = "R5T.Teutonia.Default", "..\..\R5T.Teutonia.Default\source\R5T.Teutonia.Default\R5T.Teutonia.Default.csproj", "{61C8F6CA-323B-48AB-9772-28630F6749C3}"
EndProject
Project("{9A19103F-16F7-4668-BE54-9A1E7A4F7556}") = "R5T.Gepidia.Lombardy", "..\..\R5T.Gepidia.Lombardy\source\R5T.Gepidia.Lombardy\R5T.Gepidia.Lombardy.csproj", "{E76450E4-4210-434F-A43C-4B66A1131058}"
EndProject
Project("{9A19103F-16F7-4668-BE54-9A1E7A4F7556}") = "R5T.Teutonia.Base", "..\..\R5T.Teutonia.Base\source\R5T.Teutonia.Base\R5T.Teutonia.Base.csproj", "{5AC08BF5-A00A-4F61-BD3E-DE18068B7289}"
EndProject
Project("{9A19103F-16F7-4668-BE54-9A1E7A4F7556}") = "R5T.Capua.Default", "..\..\R5T.Capua\source\R5T.Capua.Default\R5T.Capua.Default.csproj", "{72347CF1-BE2C-4B2D-9003-51989EF6457C}"
EndProject
Project("{9A19103F-16F7-4668-BE54-9A1E7A4F7556}") = "R5T.Capua.Common.Base", "..\..\R5T.Capua\source\R5T.Capua.Common.Base\R5T.Capua.Common.Base.csproj", "{185C0A3C-1066-452F-B434-EF4AE3298BE6}"
EndProject
Project("{9A19103F-16F7-4668-BE54-9A1E7A4F7556}") = "R5T.Capua.Destination.Base", "..\..\R5T.Capua\source\R5T.Capua.Destination.Base\R5T.Capua.Destination.Base.csproj", "{617E2EF4-5AAE-4135-9BA6-1CFB58346F73}"
EndProject
Project("{9A19103F-16F7-4668-BE54-9A1E7A4F7556}") = "R5T.Capua.Source.Base", "..\..\R5T.Capua\source\R5T.Capua.Source.Base\R5T.Capua.Source.Base.csproj", "{CEB2F06D-58AC-4DF3-8CF6-5BCB97D33D9C}"
EndProject
Project("{9A19103F-16F7-4668-BE54-9A1E7A4F7556}") = "R5T.Gepidia.Destination.Base", "..\..\R5T.Capua\source\R5T.Gepidia.Destination.Base\R5T.Gepidia.Destination.Base.csproj", "{966428D2-8938-49B7-A616-6F8A2B5D4597}"
EndProject
Project("{9A19103F-16F7-4668-BE54-9A1E7A4F7556}") = "R5T.Gepidia.Source.Base", "..\..\R5T.Capua\source\R5T.Gepidia.Source.Base\R5T.Gepidia.Source.Base.csproj", "{41994042-F7CA-4188-A569-8B1DA6FC44FE}"
EndProject
Project("{9A19103F-16F7-4668-BE54-9A1E7A4F7556}") = "R5T.Capua.Destination.Default", "..\..\R5T.Capua\source\R5T.Capua.Destination.Default\R5T.Capua.Destination.Default.csproj", "{714B9C53-21B9-491A-B286-31CCC4AF80E1}"
EndProject
Project("{9A19103F-16F7-4668-BE54-9A1E7A4F7556}") = "R5T.Capua.Source.Default", "..\..\R5T.Capua\source\R5T.Capua.Source.Default\R5T.Capua.Source.Default.csproj", "{9D522D11-0C1E-4B76-8B88-C56F93268F9C}"
EndProject
Project("{9A19103F-16F7-4668-BE54-9A1E7A4F7556}") = "R5T.Capua.Teutonia", "..\..\R5T.Capua\source\R5T.Capua.Teutonia\R5T.Capua.Teutonia.csproj", "{3AF47296-5176-49E1-BC57-18CE4F80528F}"
EndProject
Project("{9A19103F-16F7-4668-BE54-9A1E7A4F7556}") = "R5T.Capua.Base", "..\..\R5T.Capua\source\R5T.Capua.Base\R5T.Capua.Base.csproj", "{B9033C4A-20E0-4ADC-BC6F-2E9CE20CCA4B}"
EndProject
Project("{9A19103F-16F7-4668-BE54-9A1E7A4F7556}") = "R5T.Liverpool.Host", "..\..\R5T.Liverpool\source\R5T.Liverpool.Host\R5T.Liverpool.Host.csproj", "{F7676B10-A0EC-4FD5-8BD0-C551674BCA26}"
EndProject
Project("{9A19103F-16F7-4668-BE54-9A1E7A4F7556}") = "R5T.Liverpool.Host.Types", "..\..\R5T.Liverpool\source\R5T.Liverpool.Host.Types\R5T.Liverpool.Host.Types.csproj", "{40F4C713-1754-48F6-8951-1794A5FC077D}"
EndProject
Project("{9A19103F-16F7-4668-BE54-9A1E7A4F7556}") = "R5T.Harstad", "..\..\R5T.Harstad\source\R5T.Harstad\R5T.Harstad.csproj", "{A9E59A26-353D-4FD9-A33C-18EEBC95D470}"
EndProject
Project("{9A19103F-16F7-4668-BE54-9A1E7A4F7556}") = "R5T.Liverpool.Types", "..\..\R5T.Liverpool\source\R5T.Liverpool.Types\R5T.Liverpool.Types.csproj", "{82FCD3AA-15AB-4366-81BD-0B0E1270BBC5}"
EndProject
Project("{9A19103F-16F7-4668-BE54-9A1E7A4F7556}") = "R5T.Chamavia.Extensions", "..\..\R5T.Chamavia.Extensions\source\R5T.Chamavia.Extensions\R5T.Chamavia.Extensions.csproj", "{D06E9C54-4725-4FE4-BE10-627B22B0F0C8}"
EndProject
Project("{9A19103F-16F7-4668-BE54-9A1E7A4F7556}") = "R5T.Chamavia", "..\..\R5T.Chamavia\source\R5T.Chamavia\R5T.Chamavia.csproj", "{AA79A76C-CA6C-4E39-BADB-3332383D6EE1}"
EndProject
Project("{9A19103F-16F7-4668-BE54-9A1E7A4F7556}") = "R5T.Liverpool.Abstractions", "..\..\R5T.Liverpool\source\R5T.Liverpool.Abstractions\R5T.Liverpool.Abstractions.csproj", "{EE2BA51D-E0CD-41CB-B844-C9FF4C39A327}"
EndProject
Project("{9A19103F-16F7-4668-BE54-9A1E7A4F7556}") = "R5T.Liverpool.Startup", "..\..\R5T.Liverpool\source\R5T.Liverpool.Startup\R5T.Liverpool.Startup.csproj", "{D24FC706-2914-4581-9627-2515AFCA8A78}"
EndProject
Project("{9A19103F-16F7-4668-BE54-9A1E7A4F7556}") = "R5T.Exeter", "..\..\R5T.Exeter\source\R5T.Exeter\R5T.Exeter.csproj", "{6260F6BA-0B97-41DC-9727-2843D20C9705}"
EndProject
Project("{9A19103F-16F7-4668-BE54-9A1E7A4F7556}") = "R5T.Langobard.Extensions", "..\..\R5T.Langobard.Extensions\source\R5T.Langobard.Extensions\R5T.Langobard.Extensions.csproj", "{45F01A9E-0D55-4EE9-8EE0-B718353AE3C1}"
EndProject
Project("{9A19103F-16F7-4668-BE54-9A1E7A4F7556}") = "R5T.Langobard", "..\..\R5T.Langobard\source\R5T.Langobard\R5T.Langobard.csproj", "{97266A2E-7077-48F4-91B6-C6A738F46F42}"
EndProject
Project("{9A19103F-16F7-4668-BE54-9A1E7A4F7556}") = "R5T.Liverpool.Startup.Core", "..\..\R5T.Liverpool\source\R5T.Liverpool.Startup.Core\R5T.Liverpool.Startup.Core.csproj", "{52F808ED-9005-4D3D-A8E1-A0EB11302DEA}"
EndProject
Project("{9A19103F-16F7-4668-BE54-9A1E7A4F7556}") = "R5T.Richmond.Abstractions", "..\..\R5T.Richmond.Abstractions\source\R5T.Richmond.Abstractions\R5T.Richmond.Abstractions.csproj", "{D9C0FE77-2C7B-4EF2-A661-A9AD3C816C36}"
EndProject
Project("{9A19103F-16F7-4668-BE54-9A1E7A4F7556}") = "R5T.Macommania.Standard", "..\..\R5T.Macommania.Standard\source\R5T.Macommania.Standard\R5T.Macommania.Standard.csproj", "{BCF5B390-857A-414C-AAAF-E2D4D652A649}"
EndProject
Project("{9A19103F-16F7-4668-BE54-9A1E7A4F7556}") = "R5T.Macommania.Default", "..\..\R5T.Macommania.Default\source\R5T.Macommania.Default\R5T.Macommania.Default.csproj", "{D7088937-4950-4A54-B00A-212A7E3B2356}"
EndProject
Project("{9A19103F-16F7-4668-BE54-9A1E7A4F7556}") = "R5T.Macommania.Base", "..\..\R5T.Macommania.Base\source\R5T.Macommania.Base\R5T.Macommania.Base.csproj", "{C426091B-85F1-4AB9-AE9B-4413A239DED8}"
EndProject
Global
	GlobalSection(SolutionConfigurationPlatforms) = preSolution
		Debug|Any CPU = Debug|Any CPU
		Release|Any CPU = Release|Any CPU
	EndGlobalSection
	GlobalSection(ProjectConfigurationPlatforms) = postSolution
		{CC8D1E89-620B-415B-AFD4-5EC843E37350}.Debug|Any CPU.ActiveCfg = Debug|Any CPU
		{CC8D1E89-620B-415B-AFD4-5EC843E37350}.Debug|Any CPU.Build.0 = Debug|Any CPU
		{CC8D1E89-620B-415B-AFD4-5EC843E37350}.Release|Any CPU.ActiveCfg = Release|Any CPU
		{CC8D1E89-620B-415B-AFD4-5EC843E37350}.Release|Any CPU.Build.0 = Release|Any CPU
		{9F8A27C7-5408-480C-9848-A238F42290F3}.Debug|Any CPU.ActiveCfg = Debug|Any CPU
		{9F8A27C7-5408-480C-9848-A238F42290F3}.Debug|Any CPU.Build.0 = Debug|Any CPU
		{9F8A27C7-5408-480C-9848-A238F42290F3}.Release|Any CPU.ActiveCfg = Release|Any CPU
		{9F8A27C7-5408-480C-9848-A238F42290F3}.Release|Any CPU.Build.0 = Release|Any CPU
		{8CC59568-2297-4526-B609-BB5E6F5F0617}.Debug|Any CPU.ActiveCfg = Debug|Any CPU
		{8CC59568-2297-4526-B609-BB5E6F5F0617}.Debug|Any CPU.Build.0 = Debug|Any CPU
		{8CC59568-2297-4526-B609-BB5E6F5F0617}.Release|Any CPU.ActiveCfg = Release|Any CPU
		{8CC59568-2297-4526-B609-BB5E6F5F0617}.Release|Any CPU.Build.0 = Release|Any CPU
		{C8D42A1E-91E1-4C90-9613-C487D47A1A74}.Debug|Any CPU.ActiveCfg = Debug|Any CPU
		{C8D42A1E-91E1-4C90-9613-C487D47A1A74}.Debug|Any CPU.Build.0 = Debug|Any CPU
		{C8D42A1E-91E1-4C90-9613-C487D47A1A74}.Release|Any CPU.ActiveCfg = Release|Any CPU
		{C8D42A1E-91E1-4C90-9613-C487D47A1A74}.Release|Any CPU.Build.0 = Release|Any CPU
		{D9F1CF33-CA66-4625-B008-C6E8B1EA7366}.Debug|Any CPU.ActiveCfg = Debug|Any CPU
		{D9F1CF33-CA66-4625-B008-C6E8B1EA7366}.Debug|Any CPU.Build.0 = Debug|Any CPU
		{D9F1CF33-CA66-4625-B008-C6E8B1EA7366}.Release|Any CPU.ActiveCfg = Release|Any CPU
		{D9F1CF33-CA66-4625-B008-C6E8B1EA7366}.Release|Any CPU.Build.0 = Release|Any CPU
		{4F42CFC7-8E1F-4111-AD03-99A2A4B56526}.Debug|Any CPU.ActiveCfg = Debug|Any CPU
		{4F42CFC7-8E1F-4111-AD03-99A2A4B56526}.Debug|Any CPU.Build.0 = Debug|Any CPU
		{4F42CFC7-8E1F-4111-AD03-99A2A4B56526}.Release|Any CPU.ActiveCfg = Release|Any CPU
		{4F42CFC7-8E1F-4111-AD03-99A2A4B56526}.Release|Any CPU.Build.0 = Release|Any CPU
		{976ABE58-3A88-4321-8B49-BBADA7AE52F2}.Debug|Any CPU.ActiveCfg = Debug|Any CPU
		{976ABE58-3A88-4321-8B49-BBADA7AE52F2}.Debug|Any CPU.Build.0 = Debug|Any CPU
		{976ABE58-3A88-4321-8B49-BBADA7AE52F2}.Release|Any CPU.ActiveCfg = Release|Any CPU
		{976ABE58-3A88-4321-8B49-BBADA7AE52F2}.Release|Any CPU.Build.0 = Release|Any CPU
		{C1FDAC9C-1251-4EEB-A179-AB3D3A0A4A74}.Debug|Any CPU.ActiveCfg = Debug|Any CPU
		{C1FDAC9C-1251-4EEB-A179-AB3D3A0A4A74}.Debug|Any CPU.Build.0 = Debug|Any CPU
		{C1FDAC9C-1251-4EEB-A179-AB3D3A0A4A74}.Release|Any CPU.ActiveCfg = Release|Any CPU
		{C1FDAC9C-1251-4EEB-A179-AB3D3A0A4A74}.Release|Any CPU.Build.0 = Release|Any CPU
		{569B9DCC-B109-466E-9C93-567A3A055759}.Debug|Any CPU.ActiveCfg = Debug|Any CPU
		{569B9DCC-B109-466E-9C93-567A3A055759}.Debug|Any CPU.Build.0 = Debug|Any CPU
		{569B9DCC-B109-466E-9C93-567A3A055759}.Release|Any CPU.ActiveCfg = Release|Any CPU
		{569B9DCC-B109-466E-9C93-567A3A055759}.Release|Any CPU.Build.0 = Release|Any CPU
		{544468C2-56DC-46CB-8DB7-90FB0363C44D}.Debug|Any CPU.ActiveCfg = Debug|Any CPU
		{544468C2-56DC-46CB-8DB7-90FB0363C44D}.Debug|Any CPU.Build.0 = Debug|Any CPU
		{544468C2-56DC-46CB-8DB7-90FB0363C44D}.Release|Any CPU.ActiveCfg = Release|Any CPU
		{544468C2-56DC-46CB-8DB7-90FB0363C44D}.Release|Any CPU.Build.0 = Release|Any CPU
		{C61D335E-20E3-41F5-8BF8-5F9DEAE2D136}.Debug|Any CPU.ActiveCfg = Debug|Any CPU
		{C61D335E-20E3-41F5-8BF8-5F9DEAE2D136}.Debug|Any CPU.Build.0 = Debug|Any CPU
		{C61D335E-20E3-41F5-8BF8-5F9DEAE2D136}.Release|Any CPU.ActiveCfg = Release|Any CPU
		{C61D335E-20E3-41F5-8BF8-5F9DEAE2D136}.Release|Any CPU.Build.0 = Release|Any CPU
		{26DABE0B-0E22-469B-A3E9-491E5BF6B691}.Debug|Any CPU.ActiveCfg = Debug|Any CPU
		{26DABE0B-0E22-469B-A3E9-491E5BF6B691}.Debug|Any CPU.Build.0 = Debug|Any CPU
		{26DABE0B-0E22-469B-A3E9-491E5BF6B691}.Release|Any CPU.ActiveCfg = Release|Any CPU
		{26DABE0B-0E22-469B-A3E9-491E5BF6B691}.Release|Any CPU.Build.0 = Release|Any CPU
		{218039AF-933B-4AC7-B305-5500E5F74C1E}.Debug|Any CPU.ActiveCfg = Debug|Any CPU
		{218039AF-933B-4AC7-B305-5500E5F74C1E}.Debug|Any CPU.Build.0 = Debug|Any CPU
		{218039AF-933B-4AC7-B305-5500E5F74C1E}.Release|Any CPU.ActiveCfg = Release|Any CPU
		{218039AF-933B-4AC7-B305-5500E5F74C1E}.Release|Any CPU.Build.0 = Release|Any CPU
		{A5085102-E87D-45D4-8358-8B216C8CCBC6}.Debug|Any CPU.ActiveCfg = Debug|Any CPU
		{A5085102-E87D-45D4-8358-8B216C8CCBC6}.Debug|Any CPU.Build.0 = Debug|Any CPU
		{A5085102-E87D-45D4-8358-8B216C8CCBC6}.Release|Any CPU.ActiveCfg = Release|Any CPU
		{A5085102-E87D-45D4-8358-8B216C8CCBC6}.Release|Any CPU.Build.0 = Release|Any CPU
		{E0151423-1408-4E81-B1E9-90D1DB475AD0}.Debug|Any CPU.ActiveCfg = Debug|Any CPU
		{E0151423-1408-4E81-B1E9-90D1DB475AD0}.Debug|Any CPU.Build.0 = Debug|Any CPU
		{E0151423-1408-4E81-B1E9-90D1DB475AD0}.Release|Any CPU.ActiveCfg = Release|Any CPU
		{E0151423-1408-4E81-B1E9-90D1DB475AD0}.Release|Any CPU.Build.0 = Release|Any CPU
		{1FD58605-0290-444B-AB40-A03DC395E549}.Debug|Any CPU.ActiveCfg = Debug|Any CPU
		{1FD58605-0290-444B-AB40-A03DC395E549}.Debug|Any CPU.Build.0 = Debug|Any CPU
		{1FD58605-0290-444B-AB40-A03DC395E549}.Release|Any CPU.ActiveCfg = Release|Any CPU
		{1FD58605-0290-444B-AB40-A03DC395E549}.Release|Any CPU.Build.0 = Release|Any CPU
		{2E8E993C-FB4C-4D07-A91F-E54312EC6645}.Debug|Any CPU.ActiveCfg = Debug|Any CPU
		{2E8E993C-FB4C-4D07-A91F-E54312EC6645}.Debug|Any CPU.Build.0 = Debug|Any CPU
		{2E8E993C-FB4C-4D07-A91F-E54312EC6645}.Release|Any CPU.ActiveCfg = Release|Any CPU
		{2E8E993C-FB4C-4D07-A91F-E54312EC6645}.Release|Any CPU.Build.0 = Release|Any CPU
		{0A0DD705-048E-4AFC-8809-B0B8AB83DB81}.Debug|Any CPU.ActiveCfg = Debug|Any CPU
		{0A0DD705-048E-4AFC-8809-B0B8AB83DB81}.Debug|Any CPU.Build.0 = Debug|Any CPU
		{0A0DD705-048E-4AFC-8809-B0B8AB83DB81}.Release|Any CPU.ActiveCfg = Release|Any CPU
		{0A0DD705-048E-4AFC-8809-B0B8AB83DB81}.Release|Any CPU.Build.0 = Release|Any CPU
		{1D318B89-79AA-498A-B663-6ECE5B05A065}.Debug|Any CPU.ActiveCfg = Debug|Any CPU
		{1D318B89-79AA-498A-B663-6ECE5B05A065}.Debug|Any CPU.Build.0 = Debug|Any CPU
		{1D318B89-79AA-498A-B663-6ECE5B05A065}.Release|Any CPU.ActiveCfg = Release|Any CPU
		{1D318B89-79AA-498A-B663-6ECE5B05A065}.Release|Any CPU.Build.0 = Release|Any CPU
		{B0AABE92-2D35-456C-A47E-59AA6C8973C5}.Debug|Any CPU.ActiveCfg = Debug|Any CPU
		{B0AABE92-2D35-456C-A47E-59AA6C8973C5}.Debug|Any CPU.Build.0 = Debug|Any CPU
		{B0AABE92-2D35-456C-A47E-59AA6C8973C5}.Release|Any CPU.ActiveCfg = Release|Any CPU
		{B0AABE92-2D35-456C-A47E-59AA6C8973C5}.Release|Any CPU.Build.0 = Release|Any CPU
		{873EBF69-B078-415F-B8D4-BD4B0E0C473B}.Debug|Any CPU.ActiveCfg = Debug|Any CPU
		{873EBF69-B078-415F-B8D4-BD4B0E0C473B}.Debug|Any CPU.Build.0 = Debug|Any CPU
		{873EBF69-B078-415F-B8D4-BD4B0E0C473B}.Release|Any CPU.ActiveCfg = Release|Any CPU
		{873EBF69-B078-415F-B8D4-BD4B0E0C473B}.Release|Any CPU.Build.0 = Release|Any CPU
		{CCADD9C5-D6B6-4B99-A1B4-031B02BC083E}.Debug|Any CPU.ActiveCfg = Debug|Any CPU
		{CCADD9C5-D6B6-4B99-A1B4-031B02BC083E}.Debug|Any CPU.Build.0 = Debug|Any CPU
		{CCADD9C5-D6B6-4B99-A1B4-031B02BC083E}.Release|Any CPU.ActiveCfg = Release|Any CPU
		{CCADD9C5-D6B6-4B99-A1B4-031B02BC083E}.Release|Any CPU.Build.0 = Release|Any CPU
		{153F1B55-918D-4810-8D4D-866724EBA5C6}.Debug|Any CPU.ActiveCfg = Debug|Any CPU
		{153F1B55-918D-4810-8D4D-866724EBA5C6}.Debug|Any CPU.Build.0 = Debug|Any CPU
		{153F1B55-918D-4810-8D4D-866724EBA5C6}.Release|Any CPU.ActiveCfg = Release|Any CPU
		{153F1B55-918D-4810-8D4D-866724EBA5C6}.Release|Any CPU.Build.0 = Release|Any CPU
		{6367EE92-645D-4971-88E4-A3C75F129C80}.Debug|Any CPU.ActiveCfg = Debug|Any CPU
		{6367EE92-645D-4971-88E4-A3C75F129C80}.Debug|Any CPU.Build.0 = Debug|Any CPU
		{6367EE92-645D-4971-88E4-A3C75F129C80}.Release|Any CPU.ActiveCfg = Release|Any CPU
		{6367EE92-645D-4971-88E4-A3C75F129C80}.Release|Any CPU.Build.0 = Release|Any CPU
		{21FBF69B-8AB3-4F23-8B0E-F3A9C99CDC84}.Debug|Any CPU.ActiveCfg = Debug|Any CPU
		{21FBF69B-8AB3-4F23-8B0E-F3A9C99CDC84}.Debug|Any CPU.Build.0 = Debug|Any CPU
		{21FBF69B-8AB3-4F23-8B0E-F3A9C99CDC84}.Release|Any CPU.ActiveCfg = Release|Any CPU
		{21FBF69B-8AB3-4F23-8B0E-F3A9C99CDC84}.Release|Any CPU.Build.0 = Release|Any CPU
		{66ACC15D-CF8F-4FF8-8B45-7AAB21B0BBAF}.Debug|Any CPU.ActiveCfg = Debug|Any CPU
		{66ACC15D-CF8F-4FF8-8B45-7AAB21B0BBAF}.Debug|Any CPU.Build.0 = Debug|Any CPU
		{66ACC15D-CF8F-4FF8-8B45-7AAB21B0BBAF}.Release|Any CPU.ActiveCfg = Release|Any CPU
		{66ACC15D-CF8F-4FF8-8B45-7AAB21B0BBAF}.Release|Any CPU.Build.0 = Release|Any CPU
		{CAB1BE14-A770-433E-B0A2-71685DAA76FB}.Debug|Any CPU.ActiveCfg = Debug|Any CPU
		{CAB1BE14-A770-433E-B0A2-71685DAA76FB}.Debug|Any CPU.Build.0 = Debug|Any CPU
		{CAB1BE14-A770-433E-B0A2-71685DAA76FB}.Release|Any CPU.ActiveCfg = Release|Any CPU
		{CAB1BE14-A770-433E-B0A2-71685DAA76FB}.Release|Any CPU.Build.0 = Release|Any CPU
		{AF8B4E3F-6381-4BDC-B314-15771F3D48F4}.Debug|Any CPU.ActiveCfg = Debug|Any CPU
		{AF8B4E3F-6381-4BDC-B314-15771F3D48F4}.Debug|Any CPU.Build.0 = Debug|Any CPU
		{AF8B4E3F-6381-4BDC-B314-15771F3D48F4}.Release|Any CPU.ActiveCfg = Release|Any CPU
		{AF8B4E3F-6381-4BDC-B314-15771F3D48F4}.Release|Any CPU.Build.0 = Release|Any CPU
		{3E2D8AB4-C15A-4E1A-96B9-093274EFA18F}.Debug|Any CPU.ActiveCfg = Debug|Any CPU
		{3E2D8AB4-C15A-4E1A-96B9-093274EFA18F}.Debug|Any CPU.Build.0 = Debug|Any CPU
		{3E2D8AB4-C15A-4E1A-96B9-093274EFA18F}.Release|Any CPU.ActiveCfg = Release|Any CPU
		{3E2D8AB4-C15A-4E1A-96B9-093274EFA18F}.Release|Any CPU.Build.0 = Release|Any CPU
		{777431A6-C2AF-45BB-B6CA-A9967946D366}.Debug|Any CPU.ActiveCfg = Debug|Any CPU
		{777431A6-C2AF-45BB-B6CA-A9967946D366}.Debug|Any CPU.Build.0 = Debug|Any CPU
		{777431A6-C2AF-45BB-B6CA-A9967946D366}.Release|Any CPU.ActiveCfg = Release|Any CPU
		{777431A6-C2AF-45BB-B6CA-A9967946D366}.Release|Any CPU.Build.0 = Release|Any CPU
		{225FC2F1-C22E-4AC7-9923-5008D54590EA}.Debug|Any CPU.ActiveCfg = Debug|Any CPU
		{225FC2F1-C22E-4AC7-9923-5008D54590EA}.Debug|Any CPU.Build.0 = Debug|Any CPU
		{225FC2F1-C22E-4AC7-9923-5008D54590EA}.Release|Any CPU.ActiveCfg = Release|Any CPU
		{225FC2F1-C22E-4AC7-9923-5008D54590EA}.Release|Any CPU.Build.0 = Release|Any CPU
		{72B9053E-CC67-4AAB-B8F8-C69A75E6DAF7}.Debug|Any CPU.ActiveCfg = Debug|Any CPU
		{72B9053E-CC67-4AAB-B8F8-C69A75E6DAF7}.Debug|Any CPU.Build.0 = Debug|Any CPU
		{72B9053E-CC67-4AAB-B8F8-C69A75E6DAF7}.Release|Any CPU.ActiveCfg = Release|Any CPU
		{72B9053E-CC67-4AAB-B8F8-C69A75E6DAF7}.Release|Any CPU.Build.0 = Release|Any CPU
		{14C872BA-127E-469D-9C0B-7FFD576053BF}.Debug|Any CPU.ActiveCfg = Debug|Any CPU
		{14C872BA-127E-469D-9C0B-7FFD576053BF}.Debug|Any CPU.Build.0 = Debug|Any CPU
		{14C872BA-127E-469D-9C0B-7FFD576053BF}.Release|Any CPU.ActiveCfg = Release|Any CPU
		{14C872BA-127E-469D-9C0B-7FFD576053BF}.Release|Any CPU.Build.0 = Release|Any CPU
		{9B0FEA4D-9E67-430A-824E-97F64261A06D}.Debug|Any CPU.ActiveCfg = Debug|Any CPU
		{9B0FEA4D-9E67-430A-824E-97F64261A06D}.Debug|Any CPU.Build.0 = Debug|Any CPU
		{9B0FEA4D-9E67-430A-824E-97F64261A06D}.Release|Any CPU.ActiveCfg = Release|Any CPU
		{9B0FEA4D-9E67-430A-824E-97F64261A06D}.Release|Any CPU.Build.0 = Release|Any CPU
		{7E9109DF-68B3-4DCE-91CA-89A1963E0F60}.Debug|Any CPU.ActiveCfg = Debug|Any CPU
		{7E9109DF-68B3-4DCE-91CA-89A1963E0F60}.Debug|Any CPU.Build.0 = Debug|Any CPU
		{7E9109DF-68B3-4DCE-91CA-89A1963E0F60}.Release|Any CPU.ActiveCfg = Release|Any CPU
		{7E9109DF-68B3-4DCE-91CA-89A1963E0F60}.Release|Any CPU.Build.0 = Release|Any CPU
		{ABF4874E-A95C-4CDC-BA77-05A5C1DDB156}.Debug|Any CPU.ActiveCfg = Debug|Any CPU
		{ABF4874E-A95C-4CDC-BA77-05A5C1DDB156}.Debug|Any CPU.Build.0 = Debug|Any CPU
		{ABF4874E-A95C-4CDC-BA77-05A5C1DDB156}.Release|Any CPU.ActiveCfg = Release|Any CPU
		{ABF4874E-A95C-4CDC-BA77-05A5C1DDB156}.Release|Any CPU.Build.0 = Release|Any CPU
		{7C34F4F1-0A28-4B9F-8DB6-438C0236CD02}.Debug|Any CPU.ActiveCfg = Debug|Any CPU
		{7C34F4F1-0A28-4B9F-8DB6-438C0236CD02}.Debug|Any CPU.Build.0 = Debug|Any CPU
		{7C34F4F1-0A28-4B9F-8DB6-438C0236CD02}.Release|Any CPU.ActiveCfg = Release|Any CPU
		{7C34F4F1-0A28-4B9F-8DB6-438C0236CD02}.Release|Any CPU.Build.0 = Release|Any CPU
		{61C8F6CA-323B-48AB-9772-28630F6749C3}.Debug|Any CPU.ActiveCfg = Debug|Any CPU
		{61C8F6CA-323B-48AB-9772-28630F6749C3}.Debug|Any CPU.Build.0 = Debug|Any CPU
		{61C8F6CA-323B-48AB-9772-28630F6749C3}.Release|Any CPU.ActiveCfg = Release|Any CPU
		{61C8F6CA-323B-48AB-9772-28630F6749C3}.Release|Any CPU.Build.0 = Release|Any CPU
		{E76450E4-4210-434F-A43C-4B66A1131058}.Debug|Any CPU.ActiveCfg = Debug|Any CPU
		{E76450E4-4210-434F-A43C-4B66A1131058}.Debug|Any CPU.Build.0 = Debug|Any CPU
		{E76450E4-4210-434F-A43C-4B66A1131058}.Release|Any CPU.ActiveCfg = Release|Any CPU
		{E76450E4-4210-434F-A43C-4B66A1131058}.Release|Any CPU.Build.0 = Release|Any CPU
		{5AC08BF5-A00A-4F61-BD3E-DE18068B7289}.Debug|Any CPU.ActiveCfg = Debug|Any CPU
		{5AC08BF5-A00A-4F61-BD3E-DE18068B7289}.Debug|Any CPU.Build.0 = Debug|Any CPU
		{5AC08BF5-A00A-4F61-BD3E-DE18068B7289}.Release|Any CPU.ActiveCfg = Release|Any CPU
		{5AC08BF5-A00A-4F61-BD3E-DE18068B7289}.Release|Any CPU.Build.0 = Release|Any CPU
		{72347CF1-BE2C-4B2D-9003-51989EF6457C}.Debug|Any CPU.ActiveCfg = Debug|Any CPU
		{72347CF1-BE2C-4B2D-9003-51989EF6457C}.Debug|Any CPU.Build.0 = Debug|Any CPU
		{72347CF1-BE2C-4B2D-9003-51989EF6457C}.Release|Any CPU.ActiveCfg = Release|Any CPU
		{72347CF1-BE2C-4B2D-9003-51989EF6457C}.Release|Any CPU.Build.0 = Release|Any CPU
		{185C0A3C-1066-452F-B434-EF4AE3298BE6}.Debug|Any CPU.ActiveCfg = Debug|Any CPU
		{185C0A3C-1066-452F-B434-EF4AE3298BE6}.Debug|Any CPU.Build.0 = Debug|Any CPU
		{185C0A3C-1066-452F-B434-EF4AE3298BE6}.Release|Any CPU.ActiveCfg = Release|Any CPU
		{185C0A3C-1066-452F-B434-EF4AE3298BE6}.Release|Any CPU.Build.0 = Release|Any CPU
		{617E2EF4-5AAE-4135-9BA6-1CFB58346F73}.Debug|Any CPU.ActiveCfg = Debug|Any CPU
		{617E2EF4-5AAE-4135-9BA6-1CFB58346F73}.Debug|Any CPU.Build.0 = Debug|Any CPU
		{617E2EF4-5AAE-4135-9BA6-1CFB58346F73}.Release|Any CPU.ActiveCfg = Release|Any CPU
		{617E2EF4-5AAE-4135-9BA6-1CFB58346F73}.Release|Any CPU.Build.0 = Release|Any CPU
		{CEB2F06D-58AC-4DF3-8CF6-5BCB97D33D9C}.Debug|Any CPU.ActiveCfg = Debug|Any CPU
		{CEB2F06D-58AC-4DF3-8CF6-5BCB97D33D9C}.Debug|Any CPU.Build.0 = Debug|Any CPU
		{CEB2F06D-58AC-4DF3-8CF6-5BCB97D33D9C}.Release|Any CPU.ActiveCfg = Release|Any CPU
		{CEB2F06D-58AC-4DF3-8CF6-5BCB97D33D9C}.Release|Any CPU.Build.0 = Release|Any CPU
		{966428D2-8938-49B7-A616-6F8A2B5D4597}.Debug|Any CPU.ActiveCfg = Debug|Any CPU
		{966428D2-8938-49B7-A616-6F8A2B5D4597}.Debug|Any CPU.Build.0 = Debug|Any CPU
		{966428D2-8938-49B7-A616-6F8A2B5D4597}.Release|Any CPU.ActiveCfg = Release|Any CPU
		{966428D2-8938-49B7-A616-6F8A2B5D4597}.Release|Any CPU.Build.0 = Release|Any CPU
		{41994042-F7CA-4188-A569-8B1DA6FC44FE}.Debug|Any CPU.ActiveCfg = Debug|Any CPU
		{41994042-F7CA-4188-A569-8B1DA6FC44FE}.Debug|Any CPU.Build.0 = Debug|Any CPU
		{41994042-F7CA-4188-A569-8B1DA6FC44FE}.Release|Any CPU.ActiveCfg = Release|Any CPU
		{41994042-F7CA-4188-A569-8B1DA6FC44FE}.Release|Any CPU.Build.0 = Release|Any CPU
		{714B9C53-21B9-491A-B286-31CCC4AF80E1}.Debug|Any CPU.ActiveCfg = Debug|Any CPU
		{714B9C53-21B9-491A-B286-31CCC4AF80E1}.Debug|Any CPU.Build.0 = Debug|Any CPU
		{714B9C53-21B9-491A-B286-31CCC4AF80E1}.Release|Any CPU.ActiveCfg = Release|Any CPU
		{714B9C53-21B9-491A-B286-31CCC4AF80E1}.Release|Any CPU.Build.0 = Release|Any CPU
		{9D522D11-0C1E-4B76-8B88-C56F93268F9C}.Debug|Any CPU.ActiveCfg = Debug|Any CPU
		{9D522D11-0C1E-4B76-8B88-C56F93268F9C}.Debug|Any CPU.Build.0 = Debug|Any CPU
		{9D522D11-0C1E-4B76-8B88-C56F93268F9C}.Release|Any CPU.ActiveCfg = Release|Any CPU
		{9D522D11-0C1E-4B76-8B88-C56F93268F9C}.Release|Any CPU.Build.0 = Release|Any CPU
		{3AF47296-5176-49E1-BC57-18CE4F80528F}.Debug|Any CPU.ActiveCfg = Debug|Any CPU
		{3AF47296-5176-49E1-BC57-18CE4F80528F}.Debug|Any CPU.Build.0 = Debug|Any CPU
		{3AF47296-5176-49E1-BC57-18CE4F80528F}.Release|Any CPU.ActiveCfg = Release|Any CPU
		{3AF47296-5176-49E1-BC57-18CE4F80528F}.Release|Any CPU.Build.0 = Release|Any CPU
		{B9033C4A-20E0-4ADC-BC6F-2E9CE20CCA4B}.Debug|Any CPU.ActiveCfg = Debug|Any CPU
		{B9033C4A-20E0-4ADC-BC6F-2E9CE20CCA4B}.Debug|Any CPU.Build.0 = Debug|Any CPU
		{B9033C4A-20E0-4ADC-BC6F-2E9CE20CCA4B}.Release|Any CPU.ActiveCfg = Release|Any CPU
		{B9033C4A-20E0-4ADC-BC6F-2E9CE20CCA4B}.Release|Any CPU.Build.0 = Release|Any CPU
		{F7676B10-A0EC-4FD5-8BD0-C551674BCA26}.Debug|Any CPU.ActiveCfg = Debug|Any CPU
		{F7676B10-A0EC-4FD5-8BD0-C551674BCA26}.Debug|Any CPU.Build.0 = Debug|Any CPU
		{F7676B10-A0EC-4FD5-8BD0-C551674BCA26}.Release|Any CPU.ActiveCfg = Release|Any CPU
		{F7676B10-A0EC-4FD5-8BD0-C551674BCA26}.Release|Any CPU.Build.0 = Release|Any CPU
		{40F4C713-1754-48F6-8951-1794A5FC077D}.Debug|Any CPU.ActiveCfg = Debug|Any CPU
		{40F4C713-1754-48F6-8951-1794A5FC077D}.Debug|Any CPU.Build.0 = Debug|Any CPU
		{40F4C713-1754-48F6-8951-1794A5FC077D}.Release|Any CPU.ActiveCfg = Release|Any CPU
		{40F4C713-1754-48F6-8951-1794A5FC077D}.Release|Any CPU.Build.0 = Release|Any CPU
		{A9E59A26-353D-4FD9-A33C-18EEBC95D470}.Debug|Any CPU.ActiveCfg = Debug|Any CPU
		{A9E59A26-353D-4FD9-A33C-18EEBC95D470}.Debug|Any CPU.Build.0 = Debug|Any CPU
		{A9E59A26-353D-4FD9-A33C-18EEBC95D470}.Release|Any CPU.ActiveCfg = Release|Any CPU
		{A9E59A26-353D-4FD9-A33C-18EEBC95D470}.Release|Any CPU.Build.0 = Release|Any CPU
		{82FCD3AA-15AB-4366-81BD-0B0E1270BBC5}.Debug|Any CPU.ActiveCfg = Debug|Any CPU
		{82FCD3AA-15AB-4366-81BD-0B0E1270BBC5}.Debug|Any CPU.Build.0 = Debug|Any CPU
		{82FCD3AA-15AB-4366-81BD-0B0E1270BBC5}.Release|Any CPU.ActiveCfg = Release|Any CPU
		{82FCD3AA-15AB-4366-81BD-0B0E1270BBC5}.Release|Any CPU.Build.0 = Release|Any CPU
		{D06E9C54-4725-4FE4-BE10-627B22B0F0C8}.Debug|Any CPU.ActiveCfg = Debug|Any CPU
		{D06E9C54-4725-4FE4-BE10-627B22B0F0C8}.Debug|Any CPU.Build.0 = Debug|Any CPU
		{D06E9C54-4725-4FE4-BE10-627B22B0F0C8}.Release|Any CPU.ActiveCfg = Release|Any CPU
		{D06E9C54-4725-4FE4-BE10-627B22B0F0C8}.Release|Any CPU.Build.0 = Release|Any CPU
		{AA79A76C-CA6C-4E39-BADB-3332383D6EE1}.Debug|Any CPU.ActiveCfg = Debug|Any CPU
		{AA79A76C-CA6C-4E39-BADB-3332383D6EE1}.Debug|Any CPU.Build.0 = Debug|Any CPU
		{AA79A76C-CA6C-4E39-BADB-3332383D6EE1}.Release|Any CPU.ActiveCfg = Release|Any CPU
		{AA79A76C-CA6C-4E39-BADB-3332383D6EE1}.Release|Any CPU.Build.0 = Release|Any CPU
		{EE2BA51D-E0CD-41CB-B844-C9FF4C39A327}.Debug|Any CPU.ActiveCfg = Debug|Any CPU
		{EE2BA51D-E0CD-41CB-B844-C9FF4C39A327}.Debug|Any CPU.Build.0 = Debug|Any CPU
		{EE2BA51D-E0CD-41CB-B844-C9FF4C39A327}.Release|Any CPU.ActiveCfg = Release|Any CPU
		{EE2BA51D-E0CD-41CB-B844-C9FF4C39A327}.Release|Any CPU.Build.0 = Release|Any CPU
		{D24FC706-2914-4581-9627-2515AFCA8A78}.Debug|Any CPU.ActiveCfg = Debug|Any CPU
		{D24FC706-2914-4581-9627-2515AFCA8A78}.Debug|Any CPU.Build.0 = Debug|Any CPU
		{D24FC706-2914-4581-9627-2515AFCA8A78}.Release|Any CPU.ActiveCfg = Release|Any CPU
		{D24FC706-2914-4581-9627-2515AFCA8A78}.Release|Any CPU.Build.0 = Release|Any CPU
		{6260F6BA-0B97-41DC-9727-2843D20C9705}.Debug|Any CPU.ActiveCfg = Debug|Any CPU
		{6260F6BA-0B97-41DC-9727-2843D20C9705}.Debug|Any CPU.Build.0 = Debug|Any CPU
		{6260F6BA-0B97-41DC-9727-2843D20C9705}.Release|Any CPU.ActiveCfg = Release|Any CPU
		{6260F6BA-0B97-41DC-9727-2843D20C9705}.Release|Any CPU.Build.0 = Release|Any CPU
		{45F01A9E-0D55-4EE9-8EE0-B718353AE3C1}.Debug|Any CPU.ActiveCfg = Debug|Any CPU
		{45F01A9E-0D55-4EE9-8EE0-B718353AE3C1}.Debug|Any CPU.Build.0 = Debug|Any CPU
		{45F01A9E-0D55-4EE9-8EE0-B718353AE3C1}.Release|Any CPU.ActiveCfg = Release|Any CPU
		{45F01A9E-0D55-4EE9-8EE0-B718353AE3C1}.Release|Any CPU.Build.0 = Release|Any CPU
		{97266A2E-7077-48F4-91B6-C6A738F46F42}.Debug|Any CPU.ActiveCfg = Debug|Any CPU
		{97266A2E-7077-48F4-91B6-C6A738F46F42}.Debug|Any CPU.Build.0 = Debug|Any CPU
		{97266A2E-7077-48F4-91B6-C6A738F46F42}.Release|Any CPU.ActiveCfg = Release|Any CPU
		{97266A2E-7077-48F4-91B6-C6A738F46F42}.Release|Any CPU.Build.0 = Release|Any CPU
		{52F808ED-9005-4D3D-A8E1-A0EB11302DEA}.Debug|Any CPU.ActiveCfg = Debug|Any CPU
		{52F808ED-9005-4D3D-A8E1-A0EB11302DEA}.Debug|Any CPU.Build.0 = Debug|Any CPU
		{52F808ED-9005-4D3D-A8E1-A0EB11302DEA}.Release|Any CPU.ActiveCfg = Release|Any CPU
		{52F808ED-9005-4D3D-A8E1-A0EB11302DEA}.Release|Any CPU.Build.0 = Release|Any CPU
		{D9C0FE77-2C7B-4EF2-A661-A9AD3C816C36}.Debug|Any CPU.ActiveCfg = Debug|Any CPU
		{D9C0FE77-2C7B-4EF2-A661-A9AD3C816C36}.Debug|Any CPU.Build.0 = Debug|Any CPU
		{D9C0FE77-2C7B-4EF2-A661-A9AD3C816C36}.Release|Any CPU.ActiveCfg = Release|Any CPU
		{D9C0FE77-2C7B-4EF2-A661-A9AD3C816C36}.Release|Any CPU.Build.0 = Release|Any CPU
		{BCF5B390-857A-414C-AAAF-E2D4D652A649}.Debug|Any CPU.ActiveCfg = Debug|Any CPU
		{BCF5B390-857A-414C-AAAF-E2D4D652A649}.Debug|Any CPU.Build.0 = Debug|Any CPU
		{BCF5B390-857A-414C-AAAF-E2D4D652A649}.Release|Any CPU.ActiveCfg = Release|Any CPU
		{BCF5B390-857A-414C-AAAF-E2D4D652A649}.Release|Any CPU.Build.0 = Release|Any CPU
		{D7088937-4950-4A54-B00A-212A7E3B2356}.Debug|Any CPU.ActiveCfg = Debug|Any CPU
		{D7088937-4950-4A54-B00A-212A7E3B2356}.Debug|Any CPU.Build.0 = Debug|Any CPU
		{D7088937-4950-4A54-B00A-212A7E3B2356}.Release|Any CPU.ActiveCfg = Release|Any CPU
		{D7088937-4950-4A54-B00A-212A7E3B2356}.Release|Any CPU.Build.0 = Release|Any CPU
		{C426091B-85F1-4AB9-AE9B-4413A239DED8}.Debug|Any CPU.ActiveCfg = Debug|Any CPU
		{C426091B-85F1-4AB9-AE9B-4413A239DED8}.Debug|Any CPU.Build.0 = Debug|Any CPU
		{C426091B-85F1-4AB9-AE9B-4413A239DED8}.Release|Any CPU.ActiveCfg = Release|Any CPU
		{C426091B-85F1-4AB9-AE9B-4413A239DED8}.Release|Any CPU.Build.0 = Release|Any CPU
	EndGlobalSection
	GlobalSection(SolutionProperties) = preSolution
		HideSolutionNode = FALSE
	EndGlobalSection
	GlobalSection(NestedProjects) = preSolution
		{9F8A27C7-5408-480C-9848-A238F42290F3} = {258EFDC4-68B2-473B-B521-1C6891E6936D}
		{8CC59568-2297-4526-B609-BB5E6F5F0617} = {258EFDC4-68B2-473B-B521-1C6891E6936D}
		{C8D42A1E-91E1-4C90-9613-C487D47A1A74} = {258EFDC4-68B2-473B-B521-1C6891E6936D}
		{D9F1CF33-CA66-4625-B008-C6E8B1EA7366} = {258EFDC4-68B2-473B-B521-1C6891E6936D}
		{4F42CFC7-8E1F-4111-AD03-99A2A4B56526} = {258EFDC4-68B2-473B-B521-1C6891E6936D}
		{976ABE58-3A88-4321-8B49-BBADA7AE52F2} = {258EFDC4-68B2-473B-B521-1C6891E6936D}
		{C1FDAC9C-1251-4EEB-A179-AB3D3A0A4A74} = {258EFDC4-68B2-473B-B521-1C6891E6936D}
		{569B9DCC-B109-466E-9C93-567A3A055759} = {258EFDC4-68B2-473B-B521-1C6891E6936D}
		{544468C2-56DC-46CB-8DB7-90FB0363C44D} = {258EFDC4-68B2-473B-B521-1C6891E6936D}
		{C61D335E-20E3-41F5-8BF8-5F9DEAE2D136} = {258EFDC4-68B2-473B-B521-1C6891E6936D}
		{26DABE0B-0E22-469B-A3E9-491E5BF6B691} = {258EFDC4-68B2-473B-B521-1C6891E6936D}
		{218039AF-933B-4AC7-B305-5500E5F74C1E} = {258EFDC4-68B2-473B-B521-1C6891E6936D}
		{A5085102-E87D-45D4-8358-8B216C8CCBC6} = {258EFDC4-68B2-473B-B521-1C6891E6936D}
		{E0151423-1408-4E81-B1E9-90D1DB475AD0} = {258EFDC4-68B2-473B-B521-1C6891E6936D}
		{1FD58605-0290-444B-AB40-A03DC395E549} = {258EFDC4-68B2-473B-B521-1C6891E6936D}
		{2E8E993C-FB4C-4D07-A91F-E54312EC6645} = {258EFDC4-68B2-473B-B521-1C6891E6936D}
		{0A0DD705-048E-4AFC-8809-B0B8AB83DB81} = {258EFDC4-68B2-473B-B521-1C6891E6936D}
		{1D318B89-79AA-498A-B663-6ECE5B05A065} = {258EFDC4-68B2-473B-B521-1C6891E6936D}
		{B0AABE92-2D35-456C-A47E-59AA6C8973C5} = {258EFDC4-68B2-473B-B521-1C6891E6936D}
		{873EBF69-B078-415F-B8D4-BD4B0E0C473B} = {258EFDC4-68B2-473B-B521-1C6891E6936D}
		{CCADD9C5-D6B6-4B99-A1B4-031B02BC083E} = {258EFDC4-68B2-473B-B521-1C6891E6936D}
		{153F1B55-918D-4810-8D4D-866724EBA5C6} = {258EFDC4-68B2-473B-B521-1C6891E6936D}
		{6367EE92-645D-4971-88E4-A3C75F129C80} = {258EFDC4-68B2-473B-B521-1C6891E6936D}
		{21FBF69B-8AB3-4F23-8B0E-F3A9C99CDC84} = {258EFDC4-68B2-473B-B521-1C6891E6936D}
		{66ACC15D-CF8F-4FF8-8B45-7AAB21B0BBAF} = {258EFDC4-68B2-473B-B521-1C6891E6936D}
		{CAB1BE14-A770-433E-B0A2-71685DAA76FB} = {258EFDC4-68B2-473B-B521-1C6891E6936D}
		{AF8B4E3F-6381-4BDC-B314-15771F3D48F4} = {258EFDC4-68B2-473B-B521-1C6891E6936D}
		{3E2D8AB4-C15A-4E1A-96B9-093274EFA18F} = {258EFDC4-68B2-473B-B521-1C6891E6936D}
		{777431A6-C2AF-45BB-B6CA-A9967946D366} = {258EFDC4-68B2-473B-B521-1C6891E6936D}
		{225FC2F1-C22E-4AC7-9923-5008D54590EA} = {258EFDC4-68B2-473B-B521-1C6891E6936D}
		{72B9053E-CC67-4AAB-B8F8-C69A75E6DAF7} = {258EFDC4-68B2-473B-B521-1C6891E6936D}
		{14C872BA-127E-469D-9C0B-7FFD576053BF} = {258EFDC4-68B2-473B-B521-1C6891E6936D}
		{9B0FEA4D-9E67-430A-824E-97F64261A06D} = {258EFDC4-68B2-473B-B521-1C6891E6936D}
		{7E9109DF-68B3-4DCE-91CA-89A1963E0F60} = {258EFDC4-68B2-473B-B521-1C6891E6936D}
		{ABF4874E-A95C-4CDC-BA77-05A5C1DDB156} = {258EFDC4-68B2-473B-B521-1C6891E6936D}
		{7C34F4F1-0A28-4B9F-8DB6-438C0236CD02} = {258EFDC4-68B2-473B-B521-1C6891E6936D}
		{61C8F6CA-323B-48AB-9772-28630F6749C3} = {258EFDC4-68B2-473B-B521-1C6891E6936D}
		{E76450E4-4210-434F-A43C-4B66A1131058} = {258EFDC4-68B2-473B-B521-1C6891E6936D}
		{5AC08BF5-A00A-4F61-BD3E-DE18068B7289} = {258EFDC4-68B2-473B-B521-1C6891E6936D}
		{72347CF1-BE2C-4B2D-9003-51989EF6457C} = {258EFDC4-68B2-473B-B521-1C6891E6936D}
		{185C0A3C-1066-452F-B434-EF4AE3298BE6} = {258EFDC4-68B2-473B-B521-1C6891E6936D}
		{617E2EF4-5AAE-4135-9BA6-1CFB58346F73} = {258EFDC4-68B2-473B-B521-1C6891E6936D}
		{CEB2F06D-58AC-4DF3-8CF6-5BCB97D33D9C} = {258EFDC4-68B2-473B-B521-1C6891E6936D}
		{966428D2-8938-49B7-A616-6F8A2B5D4597} = {258EFDC4-68B2-473B-B521-1C6891E6936D}
		{41994042-F7CA-4188-A569-8B1DA6FC44FE} = {258EFDC4-68B2-473B-B521-1C6891E6936D}
		{714B9C53-21B9-491A-B286-31CCC4AF80E1} = {258EFDC4-68B2-473B-B521-1C6891E6936D}
		{9D522D11-0C1E-4B76-8B88-C56F93268F9C} = {258EFDC4-68B2-473B-B521-1C6891E6936D}
		{3AF47296-5176-49E1-BC57-18CE4F80528F} = {258EFDC4-68B2-473B-B521-1C6891E6936D}
		{B9033C4A-20E0-4ADC-BC6F-2E9CE20CCA4B} = {258EFDC4-68B2-473B-B521-1C6891E6936D}
		{F7676B10-A0EC-4FD5-8BD0-C551674BCA26} = {258EFDC4-68B2-473B-B521-1C6891E6936D}
		{40F4C713-1754-48F6-8951-1794A5FC077D} = {258EFDC4-68B2-473B-B521-1C6891E6936D}
		{A9E59A26-353D-4FD9-A33C-18EEBC95D470} = {258EFDC4-68B2-473B-B521-1C6891E6936D}
		{82FCD3AA-15AB-4366-81BD-0B0E1270BBC5} = {258EFDC4-68B2-473B-B521-1C6891E6936D}
		{D06E9C54-4725-4FE4-BE10-627B22B0F0C8} = {258EFDC4-68B2-473B-B521-1C6891E6936D}
		{AA79A76C-CA6C-4E39-BADB-3332383D6EE1} = {258EFDC4-68B2-473B-B521-1C6891E6936D}
		{EE2BA51D-E0CD-41CB-B844-C9FF4C39A327} = {258EFDC4-68B2-473B-B521-1C6891E6936D}
		{D24FC706-2914-4581-9627-2515AFCA8A78} = {258EFDC4-68B2-473B-B521-1C6891E6936D}
		{6260F6BA-0B97-41DC-9727-2843D20C9705} = {258EFDC4-68B2-473B-B521-1C6891E6936D}
		{45F01A9E-0D55-4EE9-8EE0-B718353AE3C1} = {258EFDC4-68B2-473B-B521-1C6891E6936D}
		{97266A2E-7077-48F4-91B6-C6A738F46F42} = {258EFDC4-68B2-473B-B521-1C6891E6936D}
		{52F808ED-9005-4D3D-A8E1-A0EB11302DEA} = {258EFDC4-68B2-473B-B521-1C6891E6936D}
		{D9C0FE77-2C7B-4EF2-A661-A9AD3C816C36} = {258EFDC4-68B2-473B-B521-1C6891E6936D}
		{BCF5B390-857A-414C-AAAF-E2D4D652A649} = {258EFDC4-68B2-473B-B521-1C6891E6936D}
		{D7088937-4950-4A54-B00A-212A7E3B2356} = {258EFDC4-68B2-473B-B521-1C6891E6936D}
		{C426091B-85F1-4AB9-AE9B-4413A239DED8} = {258EFDC4-68B2-473B-B521-1C6891E6936D}
	EndGlobalSection
	GlobalSection(ExtensibilityGlobals) = postSolution
		SolutionGuid = {85E1A33C-206A-4438-A6E3-1ED7C638E105}
	EndGlobalSection
EndGlobal
